{
    "_meta": {
        "hash": {
            "sha256": "dc7194a0ec0ff395538ee7836f19fb03ee92423d7b98460eae4dc206a3f23e38"
        },
        "pipfile-spec": 6,
        "requires": {
            "python_version": "3.8"
        },
        "sources": [
            {
                "name": "pypi",
                "url": "https://pypi.org/simple",
                "verify_ssl": true
            }
        ]
    },
    "default": {
        "click": {
            "hashes": [
                "sha256:8c04c11192119b1ef78ea049e0a6f0463e4c48ef00a30160c704337586f3ad7a",
                "sha256:fba402a4a47334742d782209a7c79bc448911afe1149d07bdabdf480b3e2f4b6"
            ],
            "version": "==8.0.1"
        },
        "gensim": {
            "hashes": [
                "sha256:05bfc02e102a34c9c795095b688b1b4aaa2529c624821368c9c3ea6a16536f77",
                "sha256:1e3d66c2eec494376fc599701d9c2868549aed6e93e47177e39217f0188e2d88",
                "sha256:22f45fd239cacd0e3715ac447a2c8a5eea02e730ec1f701c55b359e9298e63a8",
                "sha256:3af62709369331c85552fd26caa21504baa64accc426dc094172f5c688750013",
                "sha256:41dcf6ecdc9acc657157967c791b8cbaba90ee6391f64efd28339b72f5e0c327",
                "sha256:440700e29b494bc2e1d52e14b69a821f46ab09ecf85cf36c8988f18e1d6c7a8b",
                "sha256:4e34cf2e50f3eab3e303da46089ea4972567bf216e28f7535ada155770784ac8",
                "sha256:61eed1d6b5fbe6dda0586ea447ebc2dc7890a7f70c2ed953d5abc3fe3cfb94bb",
                "sha256:637fc5969f3cef4b7c8fd3e78e31ef09565c5566d5ceabf076b4170eb6444a80",
                "sha256:6711b6d3a0007530ee7de7adc30a4c48a1d26ec6312ac50e1d1e0a1d54f9de5b",
                "sha256:685a7657278161628821c8f873c5d7d2ffc0c28866648e39f76b450e4c7d5390",
                "sha256:7629b33cf35f672efdd5269381f7e301958ee2638f27dfc63b80c5bfeaa827d3",
                "sha256:786adb0571f75114e9c5f7a31dd2e6eb39a9791f22c8757621545e2ded3ea367",
                "sha256:7a90549dfc8ee3822fcad6da957de07d927e4e90ef42b3699543dee35ab2da13",
                "sha256:8ff471921b3b10ffb3ae6cbb598dd9c07d9dc030dee5aa167e7682b549c42f87",
                "sha256:90115d12ee545c21cc75521ef1bb3dd66aae8a378e9c2eb029c9f22df173c125",
                "sha256:91fa62d61b21f1878f140b10520f9de4a26a52672fbe407edfc7e09ca2eff235",
                "sha256:9c214b341f5304b906c79844e2787c13b46505df9dc70afca79a9a7dc0894478",
                "sha256:a47903d104469a7a8b6f22ad5ef74681b19c4f4b71ff2c2893271b53161a43e4",
                "sha256:a61179df454a0d4b06a111c4ede0536f61c8121b4c0d0d02d23560a2fd4b3aff",
                "sha256:a8807ebf324dd11e1298a91a92d6e57c7bdabb91d0d5240bf1efa0c0eacd86f0",
                "sha256:b36e6330471061cfd78aad751e24c6b4f56d575697af0fbab42655128927d296",
                "sha256:b61a7c841a752c84b685674aa0d610289faad38795b325176481abe19b487e98",
                "sha256:cc387d0d8bddbf3609ab95b3453296e4c9ff92c35e9799a17d86b1571d77a5fc",
                "sha256:d79370f78e9013b9d1e867c85ecc678d46a7ae0f01a8ca29e8f4291e5373b170",
                "sha256:ef2ddeceff482aee17c1e185f63bf027c8de8f595fdd9fd2d2503de96008f3b7",
                "sha256:f8ea67bf8c47ee55cb1b32c97fa1474b7d6d22959dd8097c019a5d9c9df34f5f",
                "sha256:fe98277a7b3b4987b40c928056bbaae1d0715022cf27bba89d05cd0d4fe51a84"
            ],
            "index": "pypi",
            "version": "==3.8.3"
        },
        "gunicorn": {
            "hashes": [
                "sha256:1904bb2b8a43658807108d59c3f3d56c2b6121a701161de0ddf9ad140073c626",
                "sha256:cd4a810dd51bf497552cf3f863b575dabd73d6ad6a91075b65936b151cbf4f9c"
            ],
            "index": "pypi",
            "version": "==20.0.4"
        },
        "joblib": {
            "hashes": [
                "sha256:9c17567692206d2f3fb9ecf5e991084254fe631665c450b443761c4186a613f7",
                "sha256:feeb1ec69c4d45129954f1b7034954241eedfd6ba39b5e9e4b6883be3332d5e5"
            ],
            "version": "==1.0.1"
        },
        "nltk": {
            "hashes": [
                "sha256:845365449cd8c5f9731f7cb9f8bd6fd0767553b9d53af9eb1b3abf7700936b35"
            ],
            "index": "pypi",
            "version": "==3.5"
        },
        "numpy": {
            "hashes": [
                "sha256:1676b0a292dd3c99e49305a16d7a9f42a4ab60ec522eac0d3dd20cdf362ac010",
                "sha256:16f221035e8bd19b9dc9a57159e38d2dd060b48e93e1d843c49cb370b0f415fd",
                "sha256:43909c8bb289c382170e0282158a38cf306a8ad2ff6dfadc447e90f9961bef43",
                "sha256:4e465afc3b96dbc80cf4a5273e5e2b1e3451286361b4af70ce1adb2984d392f9",
                "sha256:55b745fca0a5ab738647d0e4db099bd0a23279c32b31a783ad2ccea729e632df",
                "sha256:5d050e1e4bc9ddb8656d7b4f414557720ddcca23a5b88dd7cff65e847864c400",
                "sha256:637d827248f447e63585ca3f4a7d2dfaa882e094df6cfa177cc9cf9cd6cdf6d2",
                "sha256:6690080810f77485667bfbff4f69d717c3be25e5b11bb2073e76bb3f578d99b4",
                "sha256:66fbc6fed94a13b9801fb70b96ff30605ab0a123e775a5e7a26938b717c5d71a",
                "sha256:67d44acb72c31a97a3d5d33d103ab06d8ac20770e1c5ad81bdb3f0c086a56cf6",
                "sha256:6ca2b85a5997dabc38301a22ee43c82adcb53ff660b89ee88dded6b33687e1d8",
                "sha256:6e51534e78d14b4a009a062641f465cfaba4fdcb046c3ac0b1f61dd97c861b1b",
                "sha256:70eb5808127284c4e5c9e836208e09d685a7978b6a216db85960b1a112eeace8",
                "sha256:830b044f4e64a76ba71448fce6e604c0fc47a0e54d8f6467be23749ac2cbd2fb",
                "sha256:8b7bb4b9280da3b2856cb1fc425932f46fba609819ee1c62256f61799e6a51d2",
                "sha256:a9c65473ebc342715cb2d7926ff1e202c26376c0dcaaee85a1fd4b8d8c1d3b2f",
                "sha256:c1c09247ccea742525bdb5f4b5ceeacb34f95731647fe55774aa36557dbb5fa4",
                "sha256:c5bf0e132acf7557fc9bb8ded8b53bbbbea8892f3c9a1738205878ca9434206a",
                "sha256:db250fd3e90117e0312b611574cd1b3f78bec046783195075cbd7ba9c3d73f16",
                "sha256:e515c9a93aebe27166ec9593411c58494fa98e5fcc219e47260d9ab8a1cc7f9f",
                "sha256:e55185e51b18d788e49fe8305fd73ef4470596b33fc2c1ceb304566b99c71a69",
                "sha256:ea9cff01e75a956dbee133fa8e5b68f2f92175233de2f88de3a682dd94deda65",
                "sha256:f1452578d0516283c87608a5a5548b0cdde15b99650efdfd85182102ef7a7c17",
                "sha256:f39a995e47cb8649673cfa0579fbdd1cdd33ea497d1728a6cb194d6252268e48"
            ],
            "version": "==1.20.3"
        },
        "regex": {
            "hashes": [
                "sha256:01afaf2ec48e196ba91b37451aa353cb7eda77efe518e481707e0515025f0cd5",
                "sha256:11d773d75fa650cd36f68d7ca936e3c7afaae41b863b8c387a22aaa78d3c5c79",
                "sha256:18c071c3eb09c30a264879f0d310d37fe5d3a3111662438889ae2eb6fc570c31",
                "sha256:1e1c20e29358165242928c2de1482fb2cf4ea54a6a6dea2bd7a0e0d8ee321500",
                "sha256:281d2fd05555079448537fe108d79eb031b403dac622621c78944c235f3fcf11",
                "sha256:314d66636c494ed9c148a42731b3834496cc9a2c4251b1661e40936814542b14",
                "sha256:32e65442138b7b76dd8173ffa2cf67356b7bc1768851dded39a7a13bf9223da3",
                "sha256:339456e7d8c06dd36a22e451d58ef72cef293112b559010db3d054d5560ef439",
                "sha256:3916d08be28a1149fb97f7728fca1f7c15d309a9f9682d89d79db75d5e52091c",
                "sha256:3a9cd17e6e5c7eb328517969e0cb0c3d31fd329298dd0c04af99ebf42e904f82",
                "sha256:47bf5bf60cf04d72bf6055ae5927a0bd9016096bf3d742fa50d9bf9f45aa0711",
                "sha256:4c46e22a0933dd783467cf32b3516299fb98cfebd895817d685130cc50cd1093",
                "sha256:4c557a7b470908b1712fe27fb1ef20772b78079808c87d20a90d051660b1d69a",
                "sha256:52ba3d3f9b942c49d7e4bc105bb28551c44065f139a65062ab7912bef10c9afb",
                "sha256:563085e55b0d4fb8f746f6a335893bda5c2cef43b2f0258fe1020ab1dd874df8",
                "sha256:598585c9f0af8374c28edd609eb291b5726d7cbce16be6a8b95aa074d252ee17",
                "sha256:619d71c59a78b84d7f18891fe914446d07edd48dc8328c8e149cbe0929b4e000",
                "sha256:67bdb9702427ceddc6ef3dc382455e90f785af4c13d495f9626861763ee13f9d",
                "sha256:6d1b01031dedf2503631d0903cb563743f397ccaf6607a5e3b19a3d76fc10480",
                "sha256:741a9647fcf2e45f3a1cf0e24f5e17febf3efe8d4ba1281dcc3aa0459ef424dc",
                "sha256:7c2a1af393fcc09e898beba5dd59196edaa3116191cc7257f9224beaed3e1aa0",
                "sha256:7d9884d86dd4dd489e981d94a65cd30d6f07203d90e98f6f657f05170f6324c9",
                "sha256:90f11ff637fe8798933fb29f5ae1148c978cccb0452005bf4c69e13db951e765",
                "sha256:919859aa909429fb5aa9cf8807f6045592c85ef56fdd30a9a3747e513db2536e",
                "sha256:96fcd1888ab4d03adfc9303a7b3c0bd78c5412b2bfbe76db5b56d9eae004907a",
                "sha256:97f29f57d5b84e73fbaf99ab3e26134e6687348e95ef6b48cfd2c06807005a07",
                "sha256:980d7be47c84979d9136328d882f67ec5e50008681d94ecc8afa8a65ed1f4a6f",
                "sha256:a91aa8619b23b79bcbeb37abe286f2f408d2f2d6f29a17237afda55bb54e7aac",
                "sha256:ade17eb5d643b7fead300a1641e9f45401c98eee23763e9ed66a43f92f20b4a7",
                "sha256:b9c3db21af35e3b3c05764461b262d6f05bbca08a71a7849fd79d47ba7bc33ed",
                "sha256:bd28bc2e3a772acbb07787c6308e00d9626ff89e3bfcdebe87fa5afbfdedf968",
                "sha256:bf5824bfac591ddb2c1f0a5f4ab72da28994548c708d2191e3b87dd207eb3ad7",
                "sha256:c0502c0fadef0d23b128605d69b58edb2c681c25d44574fc673b0e52dce71ee2",
                "sha256:c38c71df845e2aabb7fb0b920d11a1b5ac8526005e533a8920aea97efb8ec6a4",
                "sha256:ce15b6d103daff8e9fee13cf7f0add05245a05d866e73926c358e871221eae87",
                "sha256:d3029c340cfbb3ac0a71798100ccc13b97dddf373a4ae56b6a72cf70dfd53bc8",
                "sha256:e512d8ef5ad7b898cdb2d8ee1cb09a8339e4f8be706d27eaa180c2f177248a10",
                "sha256:e8e5b509d5c2ff12f8418006d5a90e9436766133b564db0abaec92fd27fcee29",
                "sha256:ee54ff27bf0afaf4c3b3a62bcd016c12c3fdb4ec4f413391a90bd38bc3624605",
                "sha256:fa4537fb4a98fe8fde99626e4681cc644bdcf2a795038533f9f711513a862ae6",
                "sha256:fd45ff9293d9274c5008a2054ecef86a9bfe819a67c7be1afb65e69b405b3042"
            ],
            "version": "==2021.4.4"
        },
        "scipy": {
            "hashes": [
                "sha256:01b38dec7e9f897d4db04f8de4e20f0f5be3feac98468188a0f47a991b796055",
                "sha256:10dbcc7de03b8d635a1031cb18fd3eaa997969b64fdf78f99f19ac163a825445",
                "sha256:19aeac1ad3e57338723f4657ac8520f41714804568f2e30bd547d684d72c392e",
                "sha256:1b21c6e0dc97b1762590b70dee0daddb291271be0580384d39f02c480b78290a",
                "sha256:1caade0ede6967cc675e235c41451f9fb89ae34319ddf4740194094ab736b88d",
                "sha256:23995dfcf269ec3735e5a8c80cfceaf384369a47699df111a6246b83a55da582",
                "sha256:2a799714bf1f791fb2650d73222b248d18d53fd40d6af2df2c898db048189606",
                "sha256:3274ce145b5dc416c49c0cf8b6119f787f0965cd35e22058fe1932c09fe15d77",
                "sha256:33d1677d46111cfa1c84b87472a0274dde9ef4a7ef2e1f155f012f5f1e995d8f",
                "sha256:44d452850f77e65e25b1eb1ac01e25770323a782bfe3a1a3e43847ad4266d93d",
                "sha256:9e3302149a369697c6aaea18b430b216e3c88f9a61b62869f6104881e5f9ef85",
                "sha256:a75b014d3294fce26852a9d04ea27b5671d86736beb34acdfc05859246260707",
                "sha256:ad7269254de06743fb4768f658753de47d8b54e4672c5ebe8612a007a088bd48",
                "sha256:b30280fbc1fd8082ac822994a98632111810311a9ece71a0e48f739df3c555a2",
                "sha256:b79104878003487e2b4639a20b9092b02e1bad07fc4cf924b495cf413748a777",
                "sha256:d449d40e830366b4c612692ad19fbebb722b6b847f78a7b701b1e0d6cda3cc13",
                "sha256:d647757373985207af3343301d89fe738d5a294435a4f2aafb04c13b4388c896",
                "sha256:f68eb46b86b2c246af99fcaa6f6e37c7a7a413e1084a794990b877f2ff71f7b6",
                "sha256:fdf606341cd798530b05705c87779606fcdfaf768a8129c348ea94441da15b04"
            ],
            "version": "==1.6.3"
        },
        "six": {
            "hashes": [
                "sha256:1e61c37477a1626458e36f7b1d82aa5c9b094fa4802892072e49de9c60c4c926",
                "sha256:8abb2f1d86890a2dfb989f9a77cfcfd3e47c2a354b01111771326f8aa26e0254"
            ],
            "version": "==1.16.0"
        },
        "smart-open": {
            "hashes": [
                "sha256:2059b07f530c8c9e2158e4e1575309aacb74bd813da2325c1f348015d04f3bd6",
                "sha256:e4dc1350b240ef0759e343e4e2f361bfd4e5477bb2619866e97f80240652e92e"
            ],
            "version": "==5.1.0"
        },
        "tqdm": {
            "hashes": [
                "sha256:736524215c690621b06fc89d0310a49822d75e599fcd0feb7cc742b98d692493",
                "sha256:cd5791b5d7c3f2f1819efc81d36eb719a38e0906a7380365c556779f585ea042"
            ],
            "version": "==4.61.0"
        },
        "urllib3": {
            "hashes": [
                "sha256:753a0374df26658f99d826cfe40394a686d05985786d946fbe4165b5148f5a7c",
                "sha256:a7acd0977125325f516bda9735fa7142b909a8d01e8b2e4c8108d0984e6e0098"
            ],
            "index": "pypi",
            "version": "==1.26.5"
        }
    },
    "develop": {
        "autopep8": {
            "hashes": [
                "sha256:60fd8c4341bab59963dafd5d2a566e94f547e660b9b396f772afe67d8481dbf0"
            ],
            "index": "pypi",
            "version": "==1.5.3"
        },
        "pycodestyle": {
            "hashes": [
                "sha256:514f76d918fcc0b55c6680472f0a37970994e07bbb80725808c17089be302068",
                "sha256:c389c1d06bf7904078ca03399a4816f974a1d590090fecea0c63ec26ebaf1cef"
            ],
            "version": "==2.7.0"
        },
        "toml": {
            "hashes": [
                "sha256:806143ae5bfb6a3c6e736a764057db0e6a0e05e338b5630894a5f779cabb4f9b",
                "sha256:b3bda1d108d5dd99f4a20d24d9c348e91c4db7ab1b749200bded2f839ccbe68f"
            ],
            "version": "==0.10.2"
        }
    }
}
